Microsoft Visual Studio Solution File, Format Version 11.00
# Visual Studio 2008

Project("{AC23C29C-5235-CCD0-43CC-D32521EDBDD4}") = "FIZICA", "Assembly-CSharp.csproj", "{8729E8CC-6DCB-9D6B-A66F-4DC620A094F6}"
EndProject
Global
	GlobalSection(SolutionConfigurationPlatforms) = preSolution
		Debug|Any CPU = Debug|Any CPU
		Release|Any CPU = Release|Any CPU
	EndGlobalSection
	GlobalSection(ProjectConfigurationPlatforms) = postSolution
		{8729E8CC-6DCB-9D6B-A66F-4DC620A094F6}.Debug|Any CPU.ActiveCfg = Debug|Any CPU
		{8729E8CC-6DCB-9D6B-A66F-4DC620A094F6}.Debug|Any CPU.Build.0 = Debug|Any CPU
		{8729E8CC-6DCB-9D6B-A66F-4DC620A094F6}.Release|Any CPU.ActiveCfg = Release|Any CPU
		{8729E8CC-6DCB-9D6B-A66F-4DC620A094F6}.Release|Any CPU.Build.0 = Release|Any CPU
	EndGlobalSection
	GlobalSection(SolutionProperties) = preSolution
		HideSolutionNode = FALSE
	EndGlobalSection
	GlobalSection(MonoDevelopProperties) = preSolution
		StartupItem = Assembly-CSharp.csproj
	EndGlobalSection
EndGlobal
